
Microsoft Visual Studio Solution File, Format Version 12.00
# Visual Studio Version 17
VisualStudioVersion = 17.5.002.0
MinimumVisualStudioVersion = 10.0.40219.1
Project("{9A19103F-16F7-4668-BE54-9A1E7A4F7556}") = "MoviesAPI", "MoviesAPI.csproj", "{65314547-F60B-4715-A49D-751161C43E37}"
EndProject
Global
	GlobalSection(SolutionConfigurationPlatforms) = preSolution
		Debug|Any CPU = Debug|Any CPU
		Release|Any CPU = Release|Any CPU
	EndGlobalSection
	GlobalSection(ProjectConfigurationPlatforms) = postSolution
		{65314547-F60B-4715-A49D-751161C43E37}.Debug|Any CPU.ActiveCfg = Debug|Any CPU
		{65314547-F60B-4715-A49D-751161C43E37}.Debug|Any CPU.Build.0 = Debug|Any CPU
		{65314547-F60B-4715-A49D-751161C43E37}.Release|Any CPU.ActiveCfg = Release|Any CPU
		{65314547-F60B-4715-A49D-751161C43E37}.Release|Any CPU.Build.0 = Release|Any CPU
	EndGlobalSection
	GlobalSection(SolutionProperties) = preSolution
		HideSolutionNode = FALSE
	EndGlobalSection
	GlobalSection(ExtensibilityGlobals) = postSolution
		SolutionGuid = {3F7BB5DF-1DDB-46AB-81FB-F3EE2DEE7BF4}
	EndGlobalSection
EndGlobal
